// !$*UTF8*$!
{
	archiveVersion = 1;
	classes = {
	};
	objectVersion = 46;
	objects = {

/* Begin PBXBuildFile section */
		7F723E1B1F6B7D6F0072B665 /* UserNotifications.framework in Frameworks */ = {isa = PBXBuildFile; fileRef = 7FBCAEE81F64394C005F82BF /* UserNotifications.framework */; };
		7F723E1D1F6B7D6F0072B665 /* UserNotificationsUI.framework in Frameworks */ = {isa = PBXBuildFile; fileRef = 7F723E1C1F6B7D6F0072B665 /* UserNotificationsUI.framework */; };
		7F723E201F6B7D6F0072B665 /* NotificationViewController.swift in Sources */ = {isa = PBXBuildFile; fileRef = 7F723E1F1F6B7D6F0072B665 /* NotificationViewController.swift */; };
		7F723E231F6B7D6F0072B665 /* MainInterface.storyboard in Resources */ = {isa = PBXBuildFile; fileRef = 7F723E211F6B7D6F0072B665 /* MainInterface.storyboard */; };
		7F723E271F6B7D6F0072B665 /* Notification.appex in Embed App Extensions */ = {isa = PBXBuildFile; fileRef = 7F723E1A1F6B7D6E0072B665 /* Notification.appex */; settings = {ATTRIBUTES = (RemoveHeadersOnCopy, ); }; };
		7FBCAEBF1F62D126005F82BF /* AppDelegate.swift in Sources */ = {isa = PBXBuildFile; fileRef = 7FBCAEBE1F62D126005F82BF /* AppDelegate.swift */; };
		7FBCAEC11F62D126005F82BF /* ViewController.swift in Sources */ = {isa = PBXBuildFile; fileRef = 7FBCAEC01F62D126005F82BF /* ViewController.swift */; };
		7FBCAEC41F62D126005F82BF /* Main.storyboard in Resources */ = {isa = PBXBuildFile; fileRef = 7FBCAEC21F62D126005F82BF /* Main.storyboard */; };
		7FBCAEC61F62D126005F82BF /* Assets.xcassets in Resources */ = {isa = PBXBuildFile; fileRef = 7FBCAEC51F62D126005F82BF /* Assets.xcassets */; };
		7FBCAEDF1F6436B7005F82BF /* Default-568h@2x.png in Resources */ = {isa = PBXBuildFile; fileRef = 7FBCAEDE1F6436B7005F82BF /* Default-568h@2x.png */; };
		7FBCAEE51F6438FA005F82BF /* libUMessage_Sdk_1.5.0a.a in Frameworks */ = {isa = PBXBuildFile; fileRef = 7FBCAEE41F6438FA005F82BF /* libUMessage_Sdk_1.5.0a.a */; };
		7FBCAEE91F64394C005F82BF /* UserNotifications.framework in Frameworks */ = {isa = PBXBuildFile; fileRef = 7FBCAEE81F64394C005F82BF /* UserNotifications.framework */; };
/* End PBXBuildFile section */

/* Begin PBXContainerItemProxy section */
		7F723E251F6B7D6F0072B665 /* PBXContainerItemProxy */ = {
			isa = PBXContainerItemProxy;
			containerPortal = 7FBCAEB31F62D126005F82BF /* Project object */;
			proxyType = 1;
			remoteGlobalIDString = 7F723E191F6B7D6E0072B665;
			remoteInfo = Notification;
		};
/* End PBXContainerItemProxy section */

/* Begin PBXCopyFilesBuildPhase section */
		7F723E2B1F6B7D6F0072B665 /* Embed App Extensions */ = {
			isa = PBXCopyFilesBuildPhase;
			buildActionMask = 2147483647;
			dstPath = "";
			dstSubfolderSpec = 13;
			files = (
				7F723E271F6B7D6F0072B665 /* Notification.appex in Embed App Extensions */,
			);
			name = "Embed App Extensions";
			runOnlyForDeploymentPostprocessing = 0;
		};
/* End PBXCopyFilesBuildPhase section */

/* Begin PBXFileReference section */
		7F723E1A1F6B7D6E0072B665 /* Notification.appex */ = {isa = PBXFileReference; explicitFileType = "wrapper.app-extension"; includeInIndex = 0; path = Notification.appex; sourceTree = BUILT_PRODUCTS_DIR; };
		7F723E1C1F6B7D6F0072B665 /* UserNotificationsUI.framework */ = {isa = PBXFileReference; lastKnownFileType = wrapper.framework; name = UserNotificationsUI.framework; path = System/Library/Frameworks/UserNotificationsUI.framework; sourceTree = SDKROOT; };
		7F723E1F1F6B7D6F0072B665 /* NotificationViewController.swift */ = {isa = PBXFileReference; lastKnownFileType = sourcecode.swift; path = NotificationViewController.swift; sourceTree = "<group>"; };
		7F723E221F6B7D6F0072B665 /* Base */ = {isa = PBXFileReference; lastKnownFileType = file.storyboard; name = Base; path = Base.lproj/MainInterface.storyboard; sourceTree = "<group>"; };
		7F723E241F6B7D6F0072B665 /* Info.plist */ = {isa = PBXFileReference; lastKnownFileType = text.plist.xml; path = Info.plist; sourceTree = "<group>"; };
		7FBCAEBB1F62D126005F82BF /* CLSUmengPushNotification.app */ = {isa = PBXFileReference; explicitFileType = wrapper.application; includeInIndex = 0; path = CLSUmengPushNotification.app; sourceTree = BUILT_PRODUCTS_DIR; };
		7FBCAEBE1F62D126005F82BF /* AppDelegate.swift */ = {isa = PBXFileReference; lastKnownFileType = sourcecode.swift; path = AppDelegate.swift; sourceTree = "<group>"; };
		7FBCAEC01F62D126005F82BF /* ViewController.swift */ = {isa = PBXFileReference; lastKnownFileType = sourcecode.swift; path = ViewController.swift; sourceTree = "<group>"; };
		7FBCAEC31F62D126005F82BF /* Base */ = {isa = PBXFileReference; lastKnownFileType = file.storyboard; name = Base; path = Base.lproj/Main.storyboard; sourceTree = "<group>"; };
		7FBCAEC51F62D126005F82BF /* Assets.xcassets */ = {isa = PBXFileReference; lastKnownFileType = folder.assetcatalog; path = Assets.xcassets; sourceTree = "<group>"; };
		7FBCAECA1F62D126005F82BF /* Info.plist */ = {isa = PBXFileReference; lastKnownFileType = text.plist.xml; path = Info.plist; sourceTree = "<group>"; };
		7FBCAEDE1F6436B7005F82BF /* Default-568h@2x.png */ = {isa = PBXFileReference; lastKnownFileType = image.png; name = "Default-568h@2x.png"; path = "../Default-568h@2x.png"; sourceTree = "<group>"; };
		7FBCAEE01F6438ED005F82BF /* CLSUmengPushNotification-Bridging-Header.h */ = {isa = PBXFileReference; lastKnownFileType = sourcecode.c.h; path = "CLSUmengPushNotification-Bridging-Header.h"; sourceTree = "<group>"; };
		7FBCAEE31F6438FA005F82BF /* UMessage.h */ = {isa = PBXFileReference; fileEncoding = 4; lastKnownFileType = sourcecode.c.h; path = UMessage.h; sourceTree = "<group>"; };
		7FBCAEE41F6438FA005F82BF /* libUMessage_Sdk_1.5.0a.a */ = {isa = PBXFileReference; lastKnownFileType = archive.ar; path = libUMessage_Sdk_1.5.0a.a; sourceTree = "<group>"; };
		7FBCAEE81F64394C005F82BF /* UserNotifications.framework */ = {isa = PBXFileReference; lastKnownFileType = wrapper.framework; name = UserNotifications.framework; path = System/Library/Frameworks/UserNotifications.framework; sourceTree = SDKROOT; };
		7FBCAEEA1F64434A005F82BF /* CLSUmengPushNotification.entitlements */ = {isa = PBXFileReference; lastKnownFileType = text.plist.entitlements; path = CLSUmengPushNotification.entitlements; sourceTree = "<group>"; };
/* End PBXFileReference section */

/* Begin PBXFrameworksBuildPhase section */
		7F723E171F6B7D6E0072B665 /* Frameworks */ = {
			isa = PBXFrameworksBuildPhase;
			buildActionMask = 2147483647;
			files = (
				7F723E1D1F6B7D6F0072B665 /* UserNotificationsUI.framework in Frameworks */,
				7F723E1B1F6B7D6F0072B665 /* UserNotifications.framework in Frameworks */,
			);
			runOnlyForDeploymentPostprocessing = 0;
		};
		7FBCAEB81F62D126005F82BF /* Frameworks */ = {
			isa = PBXFrameworksBuildPhase;
			buildActionMask = 2147483647;
			files = (
				7FBCAEE91F64394C005F82BF /* UserNotifications.framework in Frameworks */,
				7FBCAEE51F6438FA005F82BF /* libUMessage_Sdk_1.5.0a.a in Frameworks */,
			);
			runOnlyForDeploymentPostprocessing = 0;
		};
/* End PBXFrameworksBuildPhase section */

/* Begin PBXGroup section */
		7F723E1E1F6B7D6F0072B665 /* Notification */ = {
			isa = PBXGroup;
			children = (
				7F723E1F1F6B7D6F0072B665 /* NotificationViewController.swift */,
				7F723E211F6B7D6F0072B665 /* MainInterface.storyboard */,
				7F723E241F6B7D6F0072B665 /* Info.plist */,
			);
			path = Notification;
			sourceTree = "<group>";
		};
		7FBCAEB21F62D126005F82BF = {
			isa = PBXGroup;
			children = (
				7FBCAEBD1F62D126005F82BF /* CLSUmengPushNotification */,
				7F723E1E1F6B7D6F0072B665 /* Notification */,
				7FBCAEBC1F62D126005F82BF /* Products */,
				7FBCAEE71F64394C005F82BF /* Frameworks */,
			);
			sourceTree = "<group>";
		};
		7FBCAEBC1F62D126005F82BF /* Products */ = {
			isa = PBXGroup;
			children = (
				7FBCAEBB1F62D126005F82BF /* CLSUmengPushNotification.app */,
				7F723E1A1F6B7D6E0072B665 /* Notification.appex */,
			);
			name = Products;
			sourceTree = "<group>";
		};
		7FBCAEBD1F62D126005F82BF /* CLSUmengPushNotification */ = {
			isa = PBXGroup;
			children = (
				7FBCAEEA1F64434A005F82BF /* CLSUmengPushNotification.entitlements */,
				7FBCAEBE1F62D126005F82BF /* AppDelegate.swift */,
				7FBCAEC01F62D126005F82BF /* ViewController.swift */,
				7FBCAEC21F62D126005F82BF /* Main.storyboard */,
				7FBCAEE61F643926005F82BF /* Frameworks */,
				7FBCAEDB1F64365C005F82BF /* Resources */,
			);
			path = CLSUmengPushNotification;
			sourceTree = "<group>";
		};
		7FBCAEDB1F64365C005F82BF /* Resources */ = {
			isa = PBXGroup;
			children = (
				7FBCAEDE1F6436B7005F82BF /* Default-568h@2x.png */,
				7FBCAEE31F6438FA005F82BF /* UMessage.h */,
				7FBCAEE01F6438ED005F82BF /* CLSUmengPushNotification-Bridging-Header.h */,
				7FBCAEC51F62D126005F82BF /* Assets.xcassets */,
				7FBCAECA1F62D126005F82BF /* Info.plist */,
			);
			name = Resources;
			sourceTree = "<group>";
		};
		7FBCAEE61F643926005F82BF /* Frameworks */ = {
			isa = PBXGroup;
			children = (
				7FBCAEE41F6438FA005F82BF /* libUMessage_Sdk_1.5.0a.a */,
			);
			name = Frameworks;
			sourceTree = "<group>";
		};
		7FBCAEE71F64394C005F82BF /* Frameworks */ = {
			isa = PBXGroup;
			children = (
				7FBCAEE81F64394C005F82BF /* UserNotifications.framework */,
				7F723E1C1F6B7D6F0072B665 /* UserNotificationsUI.framework */,
			);
			name = Frameworks;
			sourceTree = "<group>";
		};
/* End PBXGroup section */

/* Begin PBXNativeTarget section */
		7F723E191F6B7D6E0072B665 /* Notification */ = {
			isa = PBXNativeTarget;
			buildConfigurationList = 7F723E2A1F6B7D6F0072B665 /* Build configuration list for PBXNativeTarget "Notification" */;
			buildPhases = (
				7F723E161F6B7D6E0072B665 /* Sources */,
				7F723E171F6B7D6E0072B665 /* Frameworks */,
				7F723E181F6B7D6E0072B665 /* Resources */,
			);
			buildRules = (
			);
			dependencies = (
			);
			name = Notification;
			productName = Notification;
			productReference = 7F723E1A1F6B7D6E0072B665 /* Notification.appex */;
			productType = "com.apple.product-type.app-extension";
		};
		7FBCAEBA1F62D126005F82BF /* CLSUmengPushNotification */ = {
			isa = PBXNativeTarget;
			buildConfigurationList = 7FBCAECD1F62D126005F82BF /* Build configuration list for PBXNativeTarget "CLSUmengPushNotification" */;
			buildPhases = (
				7FBCAEB71F62D126005F82BF /* Sources */,
				7FBCAEB81F62D126005F82BF /* Frameworks */,
				7FBCAEB91F62D126005F82BF /* Resources */,
				7F723E2B1F6B7D6F0072B665 /* Embed App Extensions */,
			);
			buildRules = (
			);
			dependencies = (
				7F723E261F6B7D6F0072B665 /* PBXTargetDependency */,
			);
			name = CLSUmengPushNotification;
			productName = CLSUmengPushNotification;
			productReference = 7FBCAEBB1F62D126005F82BF /* CLSUmengPushNotification.app */;
			productType = "com.apple.product-type.application";
		};
/* End PBXNativeTarget section */

/* Begin PBXProject section */
		7FBCAEB31F62D126005F82BF /* Project object */ = {
			isa = PBXProject;
			attributes = {
				LastSwiftUpdateCheck = 0830;
				LastUpgradeCheck = 0830;
				ORGANIZATIONNAME = StephenChen;
				TargetAttributes = {
					7F723E191F6B7D6E0072B665 = {
						CreatedOnToolsVersion = 8.3.3;
						DevelopmentTeam = 7P9NRY3QXZ;
						ProvisioningStyle = Automatic;
					};
					7FBCAEBA1F62D126005F82BF = {
						CreatedOnToolsVersion = 8.3.3;
						DevelopmentTeam = 7P9NRY3QXZ;
						LastSwiftMigration = 0830;
						ProvisioningStyle = Manual;
						SystemCapabilities = {
							com.apple.BackgroundModes = {
								enabled = 0;
							};
							com.apple.Push = {
								enabled = 1;
							};
						};
					};
				};
			};
			buildConfigurationList = 7FBCAEB61F62D126005F82BF /* Build configuration list for PBXProject "CLSUmengPushNotification" */;
			compatibilityVersion = "Xcode 3.2";
			developmentRegion = English;
			hasScannedForEncodings = 0;
			knownRegions = (
				en,
				Base,
			);
			mainGroup = 7FBCAEB21F62D126005F82BF;
			productRefGroup = 7FBCAEBC1F62D126005F82BF /* Products */;
			projectDirPath = "";
			projectRoot = "";
			targets = (
				7FBCAEBA1F62D126005F82BF /* CLSUmengPushNotification */,
				7F723E191F6B7D6E0072B665 /* Notification */,
			);
		};
/* End PBXProject section */

/* Begin PBXResourcesBuildPhase section */
		7F723E181F6B7D6E0072B665 /* Resources */ = {
			isa = PBXResourcesBuildPhase;
			buildActionMask = 2147483647;
			files = (
				7F723E231F6B7D6F0072B665 /* MainInterface.storyboard in Resources */,
			);
			runOnlyForDeploymentPostprocessing = 0;
		};
		7FBCAEB91F62D126005F82BF /* Resources */ = {
			isa = PBXResourcesBuildPhase;
			buildActionMask = 2147483647;
			files = (
				7FBCAEC61F62D126005F82BF /* Assets.xcassets in Resources */,
				7FBCAEC41F62D126005F82BF /* Main.storyboard in Resources */,
				7FBCAEDF1F6436B7005F82BF /* Default-568h@2x.png in Resources */,
			);
			runOnlyForDeploymentPostprocessing = 0;
		};
/* End PBXResourcesBuildPhase section */

/* Begin PBXSourcesBuildPhase section */
		7F723E161F6B7D6E0072B665 /* Sources */ = {
			isa = PBXSourcesBuildPhase;
			buildActionMask = 2147483647;
			files = (
				7F723E201F6B7D6F0072B665 /* NotificationViewController.swift in Sources */,
			);
			runOnlyForDeploymentPostprocessing = 0;
		};
		7FBCAEB71F62D126005F82BF /* Sources */ = {
			isa = PBXSourcesBuildPhase;
			buildActionMask = 2147483647;
			files = (
				7FBCAEC11F62D126005F82BF /* ViewController.swift in Sources */,
				7FBCAEBF1F62D126005F82BF /* AppDelegate.swift in Sources */,
			);
			runOnlyForDeploymentPostprocessing = 0;
		};
/* End PBXSourcesBuildPhase section */

/* Begin PBXTargetDependency section */
		7F723E261F6B7D6F0072B665 /* PBXTargetDependency */ = {
			isa = PBXTargetDependency;
			target = 7F723E191F6B7D6E0072B665 /* Notification */;
			targetProxy = 7F723E251F6B7D6F0072B665 /* PBXContainerItemProxy */;
		};
/* End PBXTargetDependency section */

/* Begin PBXVariantGroup section */
		7F723E211F6B7D6F0072B665 /* MainInterface.storyboard */ = {
			isa = PBXVariantGroup;
			children = (
				7F723E221F6B7D6F0072B665 /* Base */,
			);
			name = MainInterface.storyboard;
			sourceTree = "<group>";
		};
		7FBCAEC21F62D126005F82BF /* Main.storyboard */ = {
			isa = PBXVariantGroup;
			children = (
				7FBCAEC31F62D126005F82BF /* Base */,
			);
			name = Main.storyboard;
			sourceTree = "<group>";
		};
/* End PBXVariantGroup section */

/* Begin XCBuildConfiguration section */
		7F723E281F6B7D6F0072B665 /* Debug */ = {
			isa = XCBuildConfiguration;
			buildSettings = {
				DEVELOPMENT_TEAM = 7P9NRY3QXZ;
				INFOPLIST_FILE = Notification/Info.plist;
				IPHONEOS_DEPLOYMENT_TARGET = 10.3;
				LD_RUNPATH_SEARCH_PATHS = "$(inherited) @executable_path/Frameworks @executable_path/../../Frameworks";
				PRODUCT_BUNDLE_IDENTIFIER = com.gcgc.bjh.Notification;
				PRODUCT_NAME = "$(TARGET_NAME)";
				SKIP_INSTALL = YES;
				SWIFT_VERSION = 3.0;
			};
			name = Debug;
		};
		7F723E291F6B7D6F0072B665 /* Release */ = {
			isa = XCBuildConfiguration;
			buildSettings = {
				DEVELOPMENT_TEAM = 7P9NRY3QXZ;
				INFOPLIST_FILE = Notification/Info.plist;
				IPHONEOS_DEPLOYMENT_TARGET = 10.3;
				LD_RUNPATH_SEARCH_PATHS = "$(inherited) @executable_path/Frameworks @executable_path/../../Frameworks";
				PRODUCT_BUNDLE_IDENTIFIER = com.gcgc.bjh.Notification;
				PRODUCT_NAME = "$(TARGET_NAME)";
				SKIP_INSTALL = YES;
				SWIFT_VERSION = 3.0;
			};
			name = Release;
		};
		7FBCAECB1F62D126005F82BF /* Debug */ = {
			isa = XCBuildConfiguration;
			buildSettings = {
				ALWAYS_SEARCH_USER_PATHS = NO;
				CLANG_ANALYZER_NONNULL = YES;
				CLANG_ANALYZER_NUMBER_OBJECT_CONVERSION = YES_AGGRESSIVE;
				CLANG_CXX_LANGUAGE_STANDARD = "gnu++0x";
				CLANG_CXX_LIBRARY = "libc++";
				CLANG_ENABLE_MODULES = YES;
				CLANG_ENABLE_OBJC_ARC = YES;
				CLANG_WARN_BOOL_CONVERSION = YES;
				CLANG_WARN_CONSTANT_CONVERSION = YES;
				CLANG_WARN_DIRECT_OBJC_ISA_USAGE = YES_ERROR;
				CLANG_WARN_DOCUMENTATION_COMMENTS = YES;
				CLANG_WARN_EMPTY_BODY = YES;
				CLANG_WARN_ENUM_CONVERSION = YES;
				CLANG_WARN_INFINITE_RECURSION = YES;
				CLANG_WARN_INT_CONVERSION = YES;
				CLANG_WARN_OBJC_ROOT_CLASS = YES_ERROR;
				CLANG_WARN_SUSPICIOUS_MOVE = YES;
				CLANG_WARN_UNREACHABLE_CODE = YES;
				CLANG_WARN__DUPLICATE_METHOD_MATCH = YES;
				"CODE_SIGN_IDENTITY[sdk=iphoneos*]" = "iPhone Developer";
				COPY_PHASE_STRIP = NO;
				DEBUG_INFORMATION_FORMAT = dwarf;
				ENABLE_STRICT_OBJC_MSGSEND = YES;
				ENABLE_TESTABILITY = YES;
				GCC_C_LANGUAGE_STANDARD = gnu99;
				GCC_DYNAMIC_NO_PIC = NO;
				GCC_NO_COMMON_BLOCKS = YES;
				GCC_OPTIMIZATION_LEVEL = 0;
				GCC_PREPROCESSOR_DEFINITIONS = (
					"DEBUG=1",
					"$(inherited)",
				);
				GCC_WARN_64_TO_32_BIT_CONVERSION = YES;
				GCC_WARN_ABOUT_RETURN_TYPE = YES_ERROR;
				GCC_WARN_UNDECLARED_SELECTOR = YES;
				GCC_WARN_UNINITIALIZED_AUTOS = YES_AGGRESSIVE;
				GCC_WARN_UNUSED_FUNCTION = YES;
				GCC_WARN_UNUSED_VARIABLE = YES;
				IPHONEOS_DEPLOYMENT_TARGET = 8.0;
				MTL_ENABLE_DEBUG_INFO = YES;
				ONLY_ACTIVE_ARCH = YES;
				SDKROOT = iphoneos;
				SWIFT_ACTIVE_COMPILATION_CONDITIONS = DEBUG;
				SWIFT_OPTIMIZATION_LEVEL = "-Onone";
			};
			name = Debug;
		};
		7FBCAECC1F62D126005F82BF /* Release */ = {
			isa = XCBuildConfiguration;
			buildSettings = {
				ALWAYS_SEARCH_USER_PATHS = NO;
				CLANG_ANALYZER_NONNULL = YES;
				CLANG_ANALYZER_NUMBER_OBJECT_CONVERSION = YES_AGGRESSIVE;
				CLANG_CXX_LANGUAGE_STANDARD = "gnu++0x";
				CLANG_CXX_LIBRARY = "libc++";
				CLANG_ENABLE_MODULES = YES;
				CLANG_ENABLE_OBJC_ARC = YES;
				CLANG_WARN_BOOL_CONVERSION = YES;
				CLANG_WARN_CONSTANT_CONVERSION = YES;
				CLANG_WARN_DIRECT_OBJC_ISA_USAGE = YES_ERROR;
				CLANG_WARN_DOCUMENTATION_COMMENTS = YES;
				CLANG_WARN_EMPTY_BODY = YES;
				CLANG_WARN_ENUM_CONVERSION = YES;
				CLANG_WARN_INFINITE_RECURSION = YES;
				CLANG_WARN_INT_CONVERSION = YES;
				CLANG_WARN_OBJC_ROOT_CLASS = YES_ERROR;
				CLANG_WARN_SUSPICIOUS_MOVE = YES;
				CLANG_WARN_UNREACHABLE_CODE = YES;
				CLANG_WARN__DUPLICATE_METHOD_MATCH = YES;
				"CODE_SIGN_IDENTITY[sdk=iphoneos*]" = "iPhone Developer";
				COPY_PHASE_STRIP = NO;
				DEBUG_INFORMATION_FORMAT = "dwarf-with-dsym";
				ENABLE_NS_ASSERTIONS = NO;
				ENABLE_STRICT_OBJC_MSGSEND = YES;
				GCC_C_LANGUAGE_STANDARD = gnu99;
				GCC_NO_COMMON_BLOCKS = YES;
				GCC_WARN_64_TO_32_BIT_CONVERSION = YES;
				GCC_WARN_ABOUT_RETURN_TYPE = YES_ERROR;
				GCC_WARN_UNDECLARED_SELECTOR = YES;
				GCC_WARN_UNINITIALIZED_AUTOS = YES_AGGRESSIVE;
				GCC_WARN_UNUSED_FUNCTION = YES;
				GCC_WARN_UNUSED_VARIABLE = YES;
				IPHONEOS_DEPLOYMENT_TARGET = 8.0;
				MTL_ENABLE_DEBUG_INFO = NO;
				SDKROOT = iphoneos;
				SWIFT_OPTIMIZATION_LEVEL = "-Owholemodule";
				VALIDATE_PRODUCT = YES;
			};
			name = Release;
		};
		7FBCAECE1F62D126005F82BF /* Debug */ = {
			isa = XCBuildConfiguration;
			buildSettings = {
				ALWAYS_EMBED_SWIFT_STANDARD_LIBRARIES = YES;
				ASSETCATALOG_COMPILER_APPICON_NAME = AppIcon;
				CLANG_ENABLE_MODULES = YES;
				CODE_SIGN_ENTITLEMENTS = CLSUmengPushNotification/CLSUmengPushNotification.entitlements;
				DEVELOPMENT_TEAM = 7P9NRY3QXZ;
				INFOPLIST_FILE = CLSUmengPushNotification/Info.plist;
				IPHONEOS_DEPLOYMENT_TARGET = 8.0;
				LD_RUNPATH_SEARCH_PATHS = "$(inherited) @executable_path/Frameworks";
				LIBRARY_SEARCH_PATHS = (
					"$(inherited)",
					"$(PROJECT_DIR)/CLSUmengPushNotification",
				);
				PRODUCT_BUNDLE_IDENTIFIER = com.gcgc.bjh;
				PRODUCT_NAME = "$(TARGET_NAME)";
				PROVISIONING_PROFILE = "f849d244-db4f-4bcf-9a81-a6b88cd57e16";
				PROVISIONING_PROFILE_SPECIFIER = "❇️ [ B ] [ Dev ] com.gcgc.bjh";
				SWIFT_OBJC_BRIDGING_HEADER = "CLSUmengPushNotification/CLSUmengPushNotification-Bridging-Header.h";
				SWIFT_OPTIMIZATION_LEVEL = "-Onone";
				SWIFT_VERSION = 3.0;
			};
			name = Debug;
		};
		7FBCAECF1F62D126005F82BF /* Release */ = {
			isa = XCBuildConfiguration;
			buildSettings = {
				ALWAYS_EMBED_SWIFT_STANDARD_LIBRARIES = YES;
				ASSETCATALOG_COMPILER_APPICON_NAME = AppIcon;
				CLANG_ENABLE_MODULES = YES;
				CODE_SIGN_ENTITLEMENTS = CLSUmengPushNotification/CLSUmengPushNotification.entitlements;
				"CODE_SIGN_IDENTITY[sdk=iphoneos*]" = "iPhone Distribution";
				DEVELOPMENT_TEAM = 7P9NRY3QXZ;
				INFOPLIST_FILE = CLSUmengPushNotification/Info.plist;
				IPHONEOS_DEPLOYMENT_TARGET = 8.0;
				LD_RUNPATH_SEARCH_PATHS = "$(inherited) @executable_path/Frameworks";
				LIBRARY_SEARCH_PATHS = (
					"$(inherited)",
					"$(PROJECT_DIR)/CLSUmengPushNotification",
				);
				PRODUCT_BUNDLE_IDENTIFIER = com.gcgc.bjh;
				PRODUCT_NAME = "$(TARGET_NAME)";
				PROVISIONING_PROFILE = "7156691c-abab-46b1-b755-161cf94128a4";
				PROVISIONING_PROFILE_SPECIFIER = "❇️ [ B ] [ Prod ] com.gcgc.bjh";
				SWIFT_OBJC_BRIDGING_HEADER = "CLSUmengPushNotification/CLSUmengPushNotification-Bridging-Header.h";
				SWIFT_VERSION = 3.0;
			};
			name = Release;
		};
/* End XCBuildConfiguration section */

/* Begin XCConfigurationList section */
		7F723E2A1F6B7D6F0072B665 /* Build configuration list for PBXNativeTarget "Notification" */ = {
			isa = XCConfigurationList;
			buildConfigurations = (
				7F723E281F6B7D6F0072B665 /* Debug */,
				7F723E291F6B7D6F0072B665 /* Release */,
			);
			defaultConfigurationIsVisible = 0;
		};
		7FBCAEB61F62D126005F82BF /* Build configuration list for PBXProject "CLSUmengPushNotification" */ = {
			isa = XCConfigurationList;
			buildConfigurations = (
				7FBCAECB1F62D126005F82BF /* Debug */,
				7FBCAECC1F62D126005F82BF /* Release */,
			);
			defaultConfigurationIsVisible = 0;
			defaultConfigurationName = Release;
		};
		7FBCAECD1F62D126005F82BF /* Build configuration list for PBXNativeTarget "CLSUmengPushNotification" */ = {
			isa = XCConfigurationList;
			buildConfigurations = (
				7FBCAECE1F62D126005F82BF /* Debug */,
				7FBCAECF1F62D126005F82BF /* Release */,
			);
			defaultConfigurationIsVisible = 0;
			defaultConfigurationName = Release;
		};
/* End XCConfigurationList section */
	};
	rootObject = 7FBCAEB31F62D126005F82BF /* Project object */;
}
